
Microsoft Visual Studio Solution File, Format Version 12.00
# Visual Studio Version 17
VisualStudioVersion = 17.6.33723.286
MinimumVisualStudioVersion = 10.0.40219.1
Project("{888888A0-9F3D-457C-B088-3A5042F75D52}") = "PythonAndExtensions", "PythonAndExtensions\PythonAndExtensions.pyproj", "{5112079F-00A7-461A-814A-5A14B9D761FE}"
EndProject
Project("{8BC9CEB8-8B4A-11D0-8D11-00A0C91BC942}") = "superfastcode", "superfastcode\superfastcode.vcxproj", "{E20A4BD8-1CDC-43B5-A400-4AB01C5271FA}"
EndProject
Global
	GlobalSection(SolutionConfigurationPlatforms) = preSolution
		Debug|Any CPU = Debug|Any CPU
		Debug|x64 = Debug|x64
		Debug|x86 = Debug|x86
		Release|Any CPU = Release|Any CPU
		Release|x64 = Release|x64
		Release|x86 = Release|x86
	EndGlobalSection
	GlobalSection(ProjectConfigurationPlatforms) = postSolution
		{5112079F-00A7-461A-814A-5A14B9D761FE}.Debug|Any CPU.ActiveCfg = Debug|Any CPU
		{5112079F-00A7-461A-814A-5A14B9D761FE}.Debug|x64.ActiveCfg = Debug|Any CPU
		{5112079F-00A7-461A-814A-5A14B9D761FE}.Debug|x86.ActiveCfg = Debug|Any CPU
		{5112079F-00A7-461A-814A-5A14B9D761FE}.Release|Any CPU.ActiveCfg = Release|Any CPU
		{5112079F-00A7-461A-814A-5A14B9D761FE}.Release|x64.ActiveCfg = Release|Any CPU
		{5112079F-00A7-461A-814A-5A14B9D761FE}.Release|x86.ActiveCfg = Release|Any CPU
		{E20A4BD8-1CDC-43B5-A400-4AB01C5271FA}.Debug|Any CPU.ActiveCfg = Debug|x64
		{E20A4BD8-1CDC-43B5-A400-4AB01C5271FA}.Debug|Any CPU.Build.0 = Debug|x64
		{E20A4BD8-1CDC-43B5-A400-4AB01C5271FA}.Debug|x64.ActiveCfg = Debug|x64
		{E20A4BD8-1CDC-43B5-A400-4AB01C5271FA}.Debug|x64.Build.0 = Debug|x64
		{E20A4BD8-1CDC-43B5-A400-4AB01C5271FA}.Debug|x86.ActiveCfg = Debug|Win32
		{E20A4BD8-1CDC-43B5-A400-4AB01C5271FA}.Debug|x86.Build.0 = Debug|Win32
		{E20A4BD8-1CDC-43B5-A400-4AB01C5271FA}.Release|Any CPU.ActiveCfg = Release|x64
		{E20A4BD8-1CDC-43B5-A400-4AB01C5271FA}.Release|Any CPU.Build.0 = Release|x64
		{E20A4BD8-1CDC-43B5-A400-4AB01C5271FA}.Release|x64.ActiveCfg = Release|x64
		{E20A4BD8-1CDC-43B5-A400-4AB01C5271FA}.Release|x64.Build.0 = Release|x64
		{E20A4BD8-1CDC-43B5-A400-4AB01C5271FA}.Release|x86.ActiveCfg = Release|Win32
		{E20A4BD8-1CDC-43B5-A400-4AB01C5271FA}.Release|x86.Build.0 = Release|Win32
	EndGlobalSection
	GlobalSection(SolutionProperties) = preSolution
		HideSolutionNode = FALSE
	EndGlobalSection
	GlobalSection(ExtensibilityGlobals) = postSolution
		SolutionGuid = {A029DD6A-174D-4BED-9C09-DC9079D57E47}
	EndGlobalSection
EndGlobal
